
Microsoft Visual Studio Solution File, Format Version 12.00
# Visual Studio Version 16
VisualStudioVersion = 16.0.30907.101
MinimumVisualStudioVersion = 10.0.40219.1
Project("{FAE04EC0-301F-11D3-BF4B-00C04F79EFBC}") = "ElisesWpfApp", "ElisesWpfApp\ElisesWpfApp.csproj", "{65FD3A5A-25CB-4497-A954-39F0A789D258}"
EndProject
Global
	GlobalSection(SolutionConfigurationPlatforms) = preSolution
		Debug|Any CPU = Debug|Any CPU
		Release|Any CPU = Release|Any CPU
	EndGlobalSection
	GlobalSection(ProjectConfigurationPlatforms) = postSolution
		{65FD3A5A-25CB-4497-A954-39F0A789D258}.Debug|Any CPU.ActiveCfg = Debug|Any CPU
		{65FD3A5A-25CB-4497-A954-39F0A789D258}.Debug|Any CPU.Build.0 = Debug|Any CPU
		{65FD3A5A-25CB-4497-A954-39F0A789D258}.Release|Any CPU.ActiveCfg = Release|Any CPU
		{65FD3A5A-25CB-4497-A954-39F0A789D258}.Release|Any CPU.Build.0 = Release|Any CPU
	EndGlobalSection
	GlobalSection(SolutionProperties) = preSolution
		HideSolutionNode = FALSE
	EndGlobalSection
	GlobalSection(ExtensibilityGlobals) = postSolution
		SolutionGuid = {2DEA9158-7478-4FCC-B06E-C1785E2DA690}
	EndGlobalSection
EndGlobal
